
Microsoft Visual Studio Solution File, Format Version 12.00
# Visual Studio Version 17
VisualStudioVersion = 17.9.34728.123
MinimumVisualStudioVersion = 10.0.40219.1
Project("{FAE04EC0-301F-11D3-BF4B-00C04F79EFBC}") = "8HourHero.Server", "8HourHero.Server\8HourHero.Server.csproj", "{DD54E427-2A06-4898-9C15-7E4D57EC15BE}"
EndProject
Project("{FAE04EC0-301F-11D3-BF4B-00C04F79EFBC}") = "8HourHero.Shared", "8HourHero.Shared\8HourHero.Shared.csproj", "{5D5A13DD-87B0-4A78-B82A-97445B2E3637}"
EndProject
Project("{FAE04EC0-301F-11D3-BF4B-00C04F79EFBC}") = "8HourHero.Client", "8HourHero.Client\8HourHero.Client.csproj", "{38645B59-704D-4D06-9F45-41B339B7F7F7}"
EndProject
Global
	GlobalSection(SolutionConfigurationPlatforms) = preSolution
		Debug|Any CPU = Debug|Any CPU
		Release|Any CPU = Release|Any CPU
	EndGlobalSection
	GlobalSection(ProjectConfigurationPlatforms) = postSolution
		{DD54E427-2A06-4898-9C15-7E4D57EC15BE}.Debug|Any CPU.ActiveCfg = Debug|Any CPU
		{DD54E427-2A06-4898-9C15-7E4D57EC15BE}.Debug|Any CPU.Build.0 = Debug|Any CPU
		{DD54E427-2A06-4898-9C15-7E4D57EC15BE}.Release|Any CPU.ActiveCfg = Release|Any CPU
		{DD54E427-2A06-4898-9C15-7E4D57EC15BE}.Release|Any CPU.Build.0 = Release|Any CPU
		{5D5A13DD-87B0-4A78-B82A-97445B2E3637}.Debug|Any CPU.ActiveCfg = Debug|Any CPU
		{5D5A13DD-87B0-4A78-B82A-97445B2E3637}.Debug|Any CPU.Build.0 = Debug|Any CPU
		{5D5A13DD-87B0-4A78-B82A-97445B2E3637}.Release|Any CPU.ActiveCfg = Release|Any CPU
		{5D5A13DD-87B0-4A78-B82A-97445B2E3637}.Release|Any CPU.Build.0 = Release|Any CPU
		{38645B59-704D-4D06-9F45-41B339B7F7F7}.Debug|Any CPU.ActiveCfg = Debug|Any CPU
		{38645B59-704D-4D06-9F45-41B339B7F7F7}.Debug|Any CPU.Build.0 = Debug|Any CPU
		{38645B59-704D-4D06-9F45-41B339B7F7F7}.Release|Any CPU.ActiveCfg = Release|Any CPU
		{38645B59-704D-4D06-9F45-41B339B7F7F7}.Release|Any CPU.Build.0 = Release|Any CPU
	EndGlobalSection
	GlobalSection(SolutionProperties) = preSolution
		HideSolutionNode = FALSE
	EndGlobalSection
	GlobalSection(ExtensibilityGlobals) = postSolution
		SolutionGuid = {EDB42912-B7B6-464D-857F-D23C6DB6F783}
	EndGlobalSection
EndGlobal
